
Microsoft Visual Studio Solution File, Format Version 12.00
# Visual Studio Version 17
VisualStudioVersion = 17.4.33403.182
MinimumVisualStudioVersion = 10.0.40219.1
Project("{FAE04EC0-301F-11D3-BF4B-00C04F79EFBC}") = "TreePlaceGorillaTag", "TreePlaceGorillaTag\TreePlaceGorillaTag.csproj", "{9F8156D1-30A3-47C5-BB94-11FC6AEFB286}"
EndProject
Global
	GlobalSection(SolutionConfigurationPlatforms) = preSolution
		Debug|Any CPU = Debug|Any CPU
		Release|Any CPU = Release|Any CPU
	EndGlobalSection
	GlobalSection(ProjectConfigurationPlatforms) = postSolution
		{9F8156D1-30A3-47C5-BB94-11FC6AEFB286}.Debug|Any CPU.ActiveCfg = Debug|Any CPU
		{9F8156D1-30A3-47C5-BB94-11FC6AEFB286}.Debug|Any CPU.Build.0 = Debug|Any CPU
		{9F8156D1-30A3-47C5-BB94-11FC6AEFB286}.Release|Any CPU.ActiveCfg = Release|Any CPU
		{9F8156D1-30A3-47C5-BB94-11FC6AEFB286}.Release|Any CPU.Build.0 = Release|Any CPU
	EndGlobalSection
	GlobalSection(SolutionProperties) = preSolution
		HideSolutionNode = FALSE
	EndGlobalSection
	GlobalSection(ExtensibilityGlobals) = postSolution
		SolutionGuid = {A8EFC72D-11CD-44E2-A4EC-554DC527B615}
	EndGlobalSection
EndGlobal
